
Microsoft Visual Studio Solution File, Format Version 12.00
# Visual Studio 2013
VisualStudioVersion = 12.0.21005.1
MinimumVisualStudioVersion = 10.0.40219.1
Project("{FAE04EC0-301F-11D3-BF4B-00C04F79EFBC}") = "连连看1.0", "连连看1.0\连连看1.0.csproj", "{E104A720-532B-475E-918E-DA1C80026A43}"
EndProject
Global
	GlobalSection(SolutionConfigurationPlatforms) = preSolution
		Debug|Any CPU = Debug|Any CPU
		Release|Any CPU = Release|Any CPU
	EndGlobalSection
	GlobalSection(ProjectConfigurationPlatforms) = postSolution
		{E104A720-532B-475E-918E-DA1C80026A43}.Debug|Any CPU.ActiveCfg = Debug|Any CPU
		{E104A720-532B-475E-918E-DA1C80026A43}.Debug|Any CPU.Build.0 = Debug|Any CPU
		{E104A720-532B-475E-918E-DA1C80026A43}.Release|Any CPU.ActiveCfg = Release|Any CPU
		{E104A720-532B-475E-918E-DA1C80026A43}.Release|Any CPU.Build.0 = Release|Any CPU
	EndGlobalSection
	GlobalSection(SolutionProperties) = preSolution
		HideSolutionNode = FALSE
	EndGlobalSection
EndGlobal
